```json
{
  "name": "markdown-previewer",
  "version": "0.1.0",
  "lockfileVersion": 3,
  "requires": true,
  "packages": {
    "": {
      "name": "markdown-previewer",
      "version": "0.1.0",
      "dependencies": {
        "@testing-library/jest-dom": "^5.17.0",
        "@testing-library/react": "^13.4.0",
        "@testing-library/user-event": "^13.5.0",
        "dompurify": "^3.0.6",
        "marked": "^9.0.0",
        "react": "^18.2.0",
        "react-dom": "^18.2.0",
        "react-scripts": "5.0.1",
        "web-vitals": "^2.1.4"
      },
      "devDependencies": {}
    },
    "node_modules/@babel/code-frame": {
      "version": "7.23.5",
      "resolved": "https://registry.npmjs.org/@babel/code-frame/-/code-frame-7.23.5.tgz",
      "integrity": "sha512-xVgvqI70g/QxL+yCgB4rB+s+g+eP+z/C2+z+g+eP+z/C2+z+g+eP+z/C2+z+g+eP+z/C2+z+g+eP+z/C2+z+g+eP+z/C2+z+g+eP+z/C2+z+g+eP+z/C2+z+g+eP+z/C2+z+g+eP+z/C2+z+g+eP+z/C2+z+g+eP+z/C2+z+g+eP+z/C2+z+g+eP+z/C2+z+g+eP+z/C2+z+g+eP+z/C2+z+g+eP+z/C2+z+g+eP+z/C2+z+g+eP+z/C2+z+g+eP+z/C2+z+g+eP+z/C2+z+g+eP+z/C2+z+g+eP+z/C2+z+g+eP+z/C2+z+g+eP+z/C2+z+g+eP+z/C2+z+g+eP+z/C2+z+g+eP+z/C2+z+g+eP+z/C2+z+g+eP+z/C2+z+g+eP+z/C2+z+g+eP+z/C2+z+g+eP+z/C2+z+g+eP+z/C2+z+g+eP+z/C2+z+g+eP+z/C2+z+g+eP+z/C2+z+g+eP+z/C2+z+g+eP+z/C2+z+g+eP+z/C2+z+g+eP+z/C2+z+g+eP+z/C2+z+g+eP+z/C2+z+g+eP+z/C2+z+g+eP+z/C2+z+g+eP+z/C2+z+g+eP+z/C2+z+g+eP+z/C2+z+g+eP+z/C2+z+g+eP+z/C2+z+g+eP+z/C2+z+g+eP+z/C2+z+g+eP+z/C2+z+g+eP+z/C2+z+g+eP+z/C2+z+g+eP+z/C2+z+g+eP+z/C2+z+g+eP+z/C2+z+g+eP+z/C2+z+g+eP+z/C2+z+g+eP+z/C2+z+g+eP+z/C2+z+g+eP+z/C2+z+g+eP+z/C2+z+g+eP+z/C2+z+g+eP+z/C2+z+g+eP+z/C2+z+g+eP+z/C2+z+g+eP+z/C2+z+g+eP+z/C2+z+g+eP+z/C2+z+g+eP+z/C2+z+g+eP+z/C2+z+g+eP+z/C2+z+g+eP+z/C2+z+g+eP+z/C2+z+g+eP+z/C2+z+g+eP+z/C2+z+g+eP+z/C2+z+g+eP+z/C2+z+g+eP+z/C2+z+g+eP+z/C2+z+g+eP+z/C2+z+g+eP+z/C2+z+g+eP+z/C2+z+g+eP+z/C2+z+g+eP+z/C2+z+g+eP+z/C2+z+g+eP+z/C2+z+g+eP+z/C2+z+g+eP+z/C2+z+g+eP+z/C2+z+g+eP+z/C2+z+g+eP+z/C2+z+g+eP+z/C2+z+g+eP+z/C2+z+g+eP+z/C2+z+g+eP+z/C2+z+g+eP+z/C2+z+g+eP+z/C2+z+g+eP+z/C2+z+g+eP+z/C2+z+g+eP+z/C2+z+g+eP+z/C2+z+g+eP+z/C2+z+g+eP+z/C2+z+g+eP+z/C2+z+g+eP+z/C2+z+g+eP+z/C2+z+g+eP+z/C2+z+g+eP+z/C2+z+g+eP+z/C2+z+g+eP+z/C2+z+g+eP+z/C2+z+g+eP+z/C2+z+g+eP+z/C2+z+g+eP+z/C2+z+g+eP+z/C2+z+g+eP+z/C2+z+g+eP+z/C2+z+g+eP+z/C2+z+g+eP+z/C2+z+g+eP+z/C2+z+g+eP+z/C2+z+g+eP+z/C2+z+g+eP+z/C2+z+g+eP+z/C2+z+g+eP+z/C2+z+g+eP+z/C2+z+g+eP+z/C2+z+g+eP+z/C2+z+g+eP+z/C2+z+g+eP+z/C2+z+g+eP+z/C2+z+g+eP+z/C2+z+g+eP+z/C2+z+g+eP+z/C2+z+g+eP+z/C2+z+g+eP+z/C2+z+g+eP+z/C2+z+g+eP+z/C2+z+g+eP+z/C2+z+g+eP+z/C2+z+g+eP+z/C2+z+g+eP+z/C2+z+g+eP+z/C2+z+g+eP+z/C2+z+g+eP+z/C2+z+g+eP+z/C2+z+g+eP+z/C2+z+g+eP+z/C2+z+g+eP+z/C2+z+g+eP+z/C2+z+g+eP+z/C2+z+g+eP+z/C2+z+g+eP+z/C2+z+g+eP+z/C2+z+g+eP+z/C2+z+g+eP+z/C2+z+g+eP+z/C2+z+g+eP+z/C2+z+g+eP+z/C2+z+g+eP+z/C2+z+g+eP+z/C2+z+g+eP+z/C2+z+g+eP+z/C2+z+g+eP+z/C2+z+g+eP+z/C2+z+g+eP+z/C2+z+g+eP+z/C2+z+g+eP+z/C2+z+g+eP+z/C2+z+g+eP+z/C2+z+g+eP+z/C2+z+g+eP+z/C2+z+g+eP+z/C2+z+g+eP+z/C2+z+g+eP+z/C2+z+g+eP+z/C2+z+g+eP+z/C2+z+g+eP+z/C2+z+g+eP+z/C2+z+g+eP+z/C2+z+g+eP+z/C2+z+g+eP+z/C2+z+g+eP+z/C2+z+g+eP+z/C2+z+g+eP+z/C2+z+g+eP+z/C2